{
    "_readme": [
        "This file locks the dependencies of your project to a known state",
        "Read more about it at https://getcomposer.org/doc/01-basic-usage.md#composer-lock-the-lock-file",
        "This file is @generated automatically"
    ],
    "hash": "69b7267f57f027402ad6b321057868bf",
    "content-hash": "a6e56931778ea46ce3547ad98665213a",
    "packages": [
        {
            "name": "laravel-dev-common/union-config",
            "version": "1.0.2",
            "source": {
                "type": "git",
                "url": "https://github.com/zhangkexiang/union-config.git",
                "reference": "57d4355a3a95514d27720c0e961d3cc416a3591d"
            },
            "dist": {
                "type": "zip",
                "url": "https://packagist.phpcomposer.com/files/zhangkexiang/union-config/57d4355a3a95514d27720c0e961d3cc416a3591d.zip",
                "reference": "57d4355a3a95514d27720c0e961d3cc416a3591d",
                "shasum": ""
            },
            "require": {
                "php": ">=5.5.9"
            },
            "type": "util",
            "autoload": {
                "classmap": [],
                "files": [
                    "src/union-functions.php"
                ],
                "psr-4": []
            },
            "notification-url": "https://packagist.org/downloads/",
            "license": [
                "MIT"
            ],
            "authors": [
                {
                    "name": "coding",
                    "email": "zhangkexiang@qingdao1024.com"
                }
            ],
            "description": "Laravel dev config util",
            "homepage": "https://github.com/zhangkexiang/union-config",
            "keywords": [
                "config",
                "util"
            ],
            "time": "2016-12-27 05:22:19"
        }
    ],
    "packages-dev": [],
    "aliases": [],
    "minimum-stability": "stable",
    "stability-flags": [],
    "prefer-stable": false,
    "prefer-lowest": false,
    "platform": {
        "php": ">=5.5.9"
    },
    "platform-dev": []
}
